
Microsoft Visual Studio Solution File, Format Version 12.00
# Visual Studio Version 17
VisualStudioVersion = 17.0.31903.59
MinimumVisualStudioVersion = 10.0.40219.1
Project("{FAE04EC0-301F-11D3-BF4B-00C04F79EFBC}") = "Hotel", "Hotel.csproj", "{EA119150-DA37-488A-BB4A-49619D1CA229}"
EndProject
Global
	GlobalSection(SolutionConfigurationPlatforms) = preSolution
		Debug|Any CPU = Debug|Any CPU
		Release|Any CPU = Release|Any CPU
	EndGlobalSection
	GlobalSection(ProjectConfigurationPlatforms) = postSolution
		{EA119150-DA37-488A-BB4A-49619D1CA229}.Debug|Any CPU.ActiveCfg = Debug|Any CPU
		{EA119150-DA37-488A-BB4A-49619D1CA229}.Debug|Any CPU.Build.0 = Debug|Any CPU
		{EA119150-DA37-488A-BB4A-49619D1CA229}.Release|Any CPU.ActiveCfg = Release|Any CPU
		{EA119150-DA37-488A-BB4A-49619D1CA229}.Release|Any CPU.Build.0 = Release|Any CPU
	EndGlobalSection
	GlobalSection(SolutionProperties) = preSolution
		HideSolutionNode = FALSE
	EndGlobalSection
	GlobalSection(ExtensibilityGlobals) = postSolution
		SolutionGuid = {606835BC-2259-4515-84CF-F22DC605A67A}
	EndGlobalSection
EndGlobal
